
Microsoft Visual Studio Solution File, Format Version 12.00
# Visual Studio Version 17
VisualStudioVersion = 17.14.36811.4
MinimumVisualStudioVersion = 10.0.40219.1
Project("{FAE04EC0-301F-11D3-BF4B-00C04F79EFBC}") = "LearningServer01", "LearningServer01.csproj", "{8CA7519E-E4FD-4D0C-B936-8907019CF83B}"
EndProject
Global
	GlobalSection(SolutionConfigurationPlatforms) = preSolution
		Debug|Any CPU = Debug|Any CPU
		Release|Any CPU = Release|Any CPU
	EndGlobalSection
	GlobalSection(ProjectConfigurationPlatforms) = postSolution
		{8CA7519E-E4FD-4D0C-B936-8907019CF83B}.Debug|Any CPU.ActiveCfg = Debug|Any CPU
		{8CA7519E-E4FD-4D0C-B936-8907019CF83B}.Debug|Any CPU.Build.0 = Debug|Any CPU
		{8CA7519E-E4FD-4D0C-B936-8907019CF83B}.Release|Any CPU.ActiveCfg = Release|Any CPU
		{8CA7519E-E4FD-4D0C-B936-8907019CF83B}.Release|Any CPU.Build.0 = Release|Any CPU
	EndGlobalSection
	GlobalSection(SolutionProperties) = preSolution
		HideSolutionNode = FALSE
	EndGlobalSection
	GlobalSection(ExtensibilityGlobals) = postSolution
		SolutionGuid = {7B305FD2-7E35-451E-899A-CBD72D6F2552}
	EndGlobalSection
EndGlobal
